
Microsoft Visual Studio Solution File, Format Version 12.00
# Visual Studio Version 17
VisualStudioVersion = 17.6.33712.159
MinimumVisualStudioVersion = 10.0.40219.1
Project("{54A90642-561A-4BB1-A94E-469ADEE60C69}") = "angularapp", "angularapp\angularapp.esproj", "{97AEBA35-20B1-4631-82FE-EC122908059C}"
EndProject
Project("{9A19103F-16F7-4668-BE54-9A1E7A4F7556}") = "webapi", "webapi\webapi.csproj", "{D75F4DC4-CB12-4A4D-91AB-0892F97FA326}"
EndProject
Project("{FAE04EC0-301F-11D3-BF4B-00C04F79EFBC}") = "untTestingProject", "untTestingProject\untTestingProject.csproj", "{879BFA96-168A-484B-8761-2CA4E58040F3}"
EndProject
Global
	GlobalSection(SolutionConfigurationPlatforms) = preSolution
		Debug|Any CPU = Debug|Any CPU
		Release|Any CPU = Release|Any CPU
	EndGlobalSection
	GlobalSection(ProjectConfigurationPlatforms) = postSolution
		{97AEBA35-20B1-4631-82FE-EC122908059C}.Debug|Any CPU.ActiveCfg = Debug|Any CPU
		{97AEBA35-20B1-4631-82FE-EC122908059C}.Debug|Any CPU.Build.0 = Debug|Any CPU
		{97AEBA35-20B1-4631-82FE-EC122908059C}.Debug|Any CPU.Deploy.0 = Debug|Any CPU
		{97AEBA35-20B1-4631-82FE-EC122908059C}.Release|Any CPU.ActiveCfg = Release|Any CPU
		{97AEBA35-20B1-4631-82FE-EC122908059C}.Release|Any CPU.Build.0 = Release|Any CPU
		{97AEBA35-20B1-4631-82FE-EC122908059C}.Release|Any CPU.Deploy.0 = Release|Any CPU
		{D75F4DC4-CB12-4A4D-91AB-0892F97FA326}.Debug|Any CPU.ActiveCfg = Debug|Any CPU
		{D75F4DC4-CB12-4A4D-91AB-0892F97FA326}.Debug|Any CPU.Build.0 = Debug|Any CPU
		{D75F4DC4-CB12-4A4D-91AB-0892F97FA326}.Release|Any CPU.ActiveCfg = Release|Any CPU
		{D75F4DC4-CB12-4A4D-91AB-0892F97FA326}.Release|Any CPU.Build.0 = Release|Any CPU
		{879BFA96-168A-484B-8761-2CA4E58040F3}.Debug|Any CPU.ActiveCfg = Debug|Any CPU
		{879BFA96-168A-484B-8761-2CA4E58040F3}.Debug|Any CPU.Build.0 = Debug|Any CPU
		{879BFA96-168A-484B-8761-2CA4E58040F3}.Release|Any CPU.ActiveCfg = Release|Any CPU
		{879BFA96-168A-484B-8761-2CA4E58040F3}.Release|Any CPU.Build.0 = Release|Any CPU
	EndGlobalSection
	GlobalSection(SolutionProperties) = preSolution
		HideSolutionNode = FALSE
	EndGlobalSection
	GlobalSection(ExtensibilityGlobals) = postSolution
		SolutionGuid = {CC3CFE17-1620-4823-9283-CD35168A7DF1}
	EndGlobalSection
EndGlobal
